
Microsoft Visual Studio Solution File, Format Version 12.00
# Visual Studio Version 16
VisualStudioVersion = 16.0.31105.61
MinimumVisualStudioVersion = 10.0.40219.1
Project("{9A19103F-16F7-4668-BE54-9A1E7A4F7556}") = "HelloWorld", "HelloWorld\HelloWorld.csproj", "{7EBC7C1D-3209-4EA7-AAA0-A0EE4635ECA7}"
EndProject
Project("{FAE04EC0-301F-11D3-BF4B-00C04F79EFBC}") = "Classes", "Classes\Classes.csproj", "{89964830-511C-4032-B921-8306321834D2}"
EndProject
Global
	GlobalSection(SolutionConfigurationPlatforms) = preSolution
		Debug|Any CPU = Debug|Any CPU
		Release|Any CPU = Release|Any CPU
	EndGlobalSection
	GlobalSection(ProjectConfigurationPlatforms) = postSolution
		{7EBC7C1D-3209-4EA7-AAA0-A0EE4635ECA7}.Debug|Any CPU.ActiveCfg = Debug|Any CPU
		{7EBC7C1D-3209-4EA7-AAA0-A0EE4635ECA7}.Debug|Any CPU.Build.0 = Debug|Any CPU
		{7EBC7C1D-3209-4EA7-AAA0-A0EE4635ECA7}.Release|Any CPU.ActiveCfg = Release|Any CPU
		{7EBC7C1D-3209-4EA7-AAA0-A0EE4635ECA7}.Release|Any CPU.Build.0 = Release|Any CPU
		{89964830-511C-4032-B921-8306321834D2}.Debug|Any CPU.ActiveCfg = Debug|Any CPU
		{89964830-511C-4032-B921-8306321834D2}.Debug|Any CPU.Build.0 = Debug|Any CPU
		{89964830-511C-4032-B921-8306321834D2}.Release|Any CPU.ActiveCfg = Release|Any CPU
		{89964830-511C-4032-B921-8306321834D2}.Release|Any CPU.Build.0 = Release|Any CPU
	EndGlobalSection
	GlobalSection(SolutionProperties) = preSolution
		HideSolutionNode = FALSE
	EndGlobalSection
	GlobalSection(ExtensibilityGlobals) = postSolution
		SolutionGuid = {FBAA3AF2-61A5-455D-B8DE-94F0F03D332F}
	EndGlobalSection
EndGlobal
