
Microsoft Visual Studio Solution File, Format Version 12.00
# Visual Studio Version 16
VisualStudioVersion = 16.0.31105.61
MinimumVisualStudioVersion = 10.0.40219.1
Project("{FAE04EC0-301F-11D3-BF4B-00C04F79EFBC}") = "Nullables", "Nullables\Nullables.csproj", "{F5C28C10-5CE4-413D-A072-017938C08422}"
EndProject
Global
	GlobalSection(SolutionConfigurationPlatforms) = preSolution
		Debug|Any CPU = Debug|Any CPU
		Release|Any CPU = Release|Any CPU
	EndGlobalSection
	GlobalSection(ProjectConfigurationPlatforms) = postSolution
		{F5C28C10-5CE4-413D-A072-017938C08422}.Debug|Any CPU.ActiveCfg = Debug|Any CPU
		{F5C28C10-5CE4-413D-A072-017938C08422}.Debug|Any CPU.Build.0 = Debug|Any CPU
		{F5C28C10-5CE4-413D-A072-017938C08422}.Release|Any CPU.ActiveCfg = Release|Any CPU
		{F5C28C10-5CE4-413D-A072-017938C08422}.Release|Any CPU.Build.0 = Release|Any CPU
	EndGlobalSection
	GlobalSection(SolutionProperties) = preSolution
		HideSolutionNode = FALSE
	EndGlobalSection
	GlobalSection(ExtensibilityGlobals) = postSolution
		SolutionGuid = {FBAA3AF2-61A5-455D-B8DE-94F0F03D332F}
	EndGlobalSection
EndGlobal
